
Microsoft Visual Studio Solution File, Format Version 12.00
# Visual Studio Version 17
VisualStudioVersion = 17.9.34607.119
MinimumVisualStudioVersion = 10.0.40219.1
Project("{FAE04EC0-301F-11D3-BF4B-00C04F79EFBC}") = "ToDo", "Proj1\ToDo.csproj", "{93718586-FAF5-4D3F-AABE-D4CA18F35F02}"
EndProject
Project("{FAE04EC0-301F-11D3-BF4B-00C04F79EFBC}") = "Risanje", "Proj2\Risanje.csproj", "{56F2B028-C748-408B-A003-5A3214D36E5B}"
EndProject
Global
	GlobalSection(SolutionConfigurationPlatforms) = preSolution
		Debug|Any CPU = Debug|Any CPU
		Release|Any CPU = Release|Any CPU
	EndGlobalSection
	GlobalSection(ProjectConfigurationPlatforms) = postSolution
		{93718586-FAF5-4D3F-AABE-D4CA18F35F02}.Debug|Any CPU.ActiveCfg = Debug|Any CPU
		{93718586-FAF5-4D3F-AABE-D4CA18F35F02}.Debug|Any CPU.Build.0 = Debug|Any CPU
		{93718586-FAF5-4D3F-AABE-D4CA18F35F02}.Release|Any CPU.ActiveCfg = Release|Any CPU
		{93718586-FAF5-4D3F-AABE-D4CA18F35F02}.Release|Any CPU.Build.0 = Release|Any CPU
		{56F2B028-C748-408B-A003-5A3214D36E5B}.Debug|Any CPU.ActiveCfg = Debug|Any CPU
		{56F2B028-C748-408B-A003-5A3214D36E5B}.Debug|Any CPU.Build.0 = Debug|Any CPU
		{56F2B028-C748-408B-A003-5A3214D36E5B}.Release|Any CPU.ActiveCfg = Release|Any CPU
		{56F2B028-C748-408B-A003-5A3214D36E5B}.Release|Any CPU.Build.0 = Release|Any CPU
	EndGlobalSection
	GlobalSection(SolutionProperties) = preSolution
		HideSolutionNode = FALSE
	EndGlobalSection
	GlobalSection(ExtensibilityGlobals) = postSolution
		SolutionGuid = {A802565E-6A11-4C23-891B-C397CBBB414B}
	EndGlobalSection
EndGlobal
